
Microsoft Visual Studio Solution File, Format Version 12.00
# Visual Studio 15
VisualStudioVersion = 15.0.27004.2005
MinimumVisualStudioVersion = 10.0.40219.1
Project("{FAE04EC0-301F-11D3-BF4B-00C04F79EFBC}") = "TpPoeNet", "TpPoeNet\TpPoeNet.csproj", "{B9650C5E-06CD-49F2-AB45-87B1014721A3}"
EndProject
Project("{FAE04EC0-301F-11D3-BF4B-00C04F79EFBC}") = "AdminInterface", "AdminInterface\AdminInterface.csproj", "{9469C9DA-9F7A-4F77-8E50-33E1D019D0C4}"
EndProject
Project("{FAE04EC0-301F-11D3-BF4B-00C04F79EFBC}") = "API_Prestation", "API_Prestation\API_Prestation.csproj", "{F799D5EB-0789-455C-83E1-954A021D4940}"
EndProject
Project("{FAE04EC0-301F-11D3-BF4B-00C04F79EFBC}") = "DAO", "DAO\DAO.csproj", "{2B739DB5-96F1-42DA-8F2F-56E784B8C0D0}"
EndProject
Project("{FAE04EC0-301F-11D3-BF4B-00C04F79EFBC}") = "API_Comptes", "API_Comptes\API_Comptes.csproj", "{140E1078-CDC4-4B53-B62C-4BFD806D332C}"
EndProject
Project("{FAE04EC0-301F-11D3-BF4B-00C04F79EFBC}") = "WebInterface2", "WebInterface\WebInterface2.csproj", "{F3CCE768-1A8E-45EC-9C66-E566BE321E82}"
EndProject
Global
	GlobalSection(SolutionConfigurationPlatforms) = preSolution
		Debug|Any CPU = Debug|Any CPU
		Release|Any CPU = Release|Any CPU
	EndGlobalSection
	GlobalSection(ProjectConfigurationPlatforms) = postSolution
		{B9650C5E-06CD-49F2-AB45-87B1014721A3}.Debug|Any CPU.ActiveCfg = Debug|Any CPU
		{B9650C5E-06CD-49F2-AB45-87B1014721A3}.Debug|Any CPU.Build.0 = Debug|Any CPU
		{B9650C5E-06CD-49F2-AB45-87B1014721A3}.Release|Any CPU.ActiveCfg = Release|Any CPU
		{B9650C5E-06CD-49F2-AB45-87B1014721A3}.Release|Any CPU.Build.0 = Release|Any CPU
		{9469C9DA-9F7A-4F77-8E50-33E1D019D0C4}.Debug|Any CPU.ActiveCfg = Debug|Any CPU
		{9469C9DA-9F7A-4F77-8E50-33E1D019D0C4}.Debug|Any CPU.Build.0 = Debug|Any CPU
		{9469C9DA-9F7A-4F77-8E50-33E1D019D0C4}.Release|Any CPU.ActiveCfg = Release|Any CPU
		{9469C9DA-9F7A-4F77-8E50-33E1D019D0C4}.Release|Any CPU.Build.0 = Release|Any CPU
		{F799D5EB-0789-455C-83E1-954A021D4940}.Debug|Any CPU.ActiveCfg = Debug|Any CPU
		{F799D5EB-0789-455C-83E1-954A021D4940}.Debug|Any CPU.Build.0 = Debug|Any CPU
		{F799D5EB-0789-455C-83E1-954A021D4940}.Release|Any CPU.ActiveCfg = Release|Any CPU
		{F799D5EB-0789-455C-83E1-954A021D4940}.Release|Any CPU.Build.0 = Release|Any CPU
		{2B739DB5-96F1-42DA-8F2F-56E784B8C0D0}.Debug|Any CPU.ActiveCfg = Debug|Any CPU
		{2B739DB5-96F1-42DA-8F2F-56E784B8C0D0}.Debug|Any CPU.Build.0 = Debug|Any CPU
		{2B739DB5-96F1-42DA-8F2F-56E784B8C0D0}.Release|Any CPU.ActiveCfg = Release|Any CPU
		{2B739DB5-96F1-42DA-8F2F-56E784B8C0D0}.Release|Any CPU.Build.0 = Release|Any CPU
		{140E1078-CDC4-4B53-B62C-4BFD806D332C}.Debug|Any CPU.ActiveCfg = Debug|Any CPU
		{140E1078-CDC4-4B53-B62C-4BFD806D332C}.Debug|Any CPU.Build.0 = Debug|Any CPU
		{140E1078-CDC4-4B53-B62C-4BFD806D332C}.Release|Any CPU.ActiveCfg = Release|Any CPU
		{140E1078-CDC4-4B53-B62C-4BFD806D332C}.Release|Any CPU.Build.0 = Release|Any CPU
		{F3CCE768-1A8E-45EC-9C66-E566BE321E82}.Debug|Any CPU.ActiveCfg = Debug|Any CPU
		{F3CCE768-1A8E-45EC-9C66-E566BE321E82}.Debug|Any CPU.Build.0 = Debug|Any CPU
		{F3CCE768-1A8E-45EC-9C66-E566BE321E82}.Release|Any CPU.ActiveCfg = Release|Any CPU
		{F3CCE768-1A8E-45EC-9C66-E566BE321E82}.Release|Any CPU.Build.0 = Release|Any CPU
	EndGlobalSection
	GlobalSection(SolutionProperties) = preSolution
		HideSolutionNode = FALSE
	EndGlobalSection
	GlobalSection(ExtensibilityGlobals) = postSolution
		SolutionGuid = {8606352F-2F8F-40E3-AFF7-AA590588D381}
	EndGlobalSection
EndGlobal
